
Microsoft Visual Studio Solution File, Format Version 12.00
# Visual Studio Version 17
VisualStudioVersion = 17.11.35327.3
MinimumVisualStudioVersion = 10.0.40219.1
Project("{9A19103F-16F7-4668-BE54-9A1E7A4F7556}") = "AutopilotHelper", "AutopilotHelper\AutopilotHelper.csproj", "{9ADE9766-59D7-42BC-852F-9E2CC2A3B272}"
EndProject
Global
	GlobalSection(SolutionConfigurationPlatforms) = preSolution
		Debug|Any CPU = Debug|Any CPU
		Debug|x64 = Debug|x64
		Debug|x86 = Debug|x86
		Release|Any CPU = Release|Any CPU
		Release|x64 = Release|x64
		Release|x86 = Release|x86
	EndGlobalSection
	GlobalSection(ProjectConfigurationPlatforms) = postSolution
		{9ADE9766-59D7-42BC-852F-9E2CC2A3B272}.Debug|Any CPU.ActiveCfg = Debug|Any CPU
		{9ADE9766-59D7-42BC-852F-9E2CC2A3B272}.Debug|Any CPU.Build.0 = Debug|Any CPU
		{9ADE9766-59D7-42BC-852F-9E2CC2A3B272}.Debug|x64.ActiveCfg = Debug|Any CPU
		{9ADE9766-59D7-42BC-852F-9E2CC2A3B272}.Debug|x86.ActiveCfg = Debug|Any CPU
		{9ADE9766-59D7-42BC-852F-9E2CC2A3B272}.Release|Any CPU.ActiveCfg = Release|Any CPU
		{9ADE9766-59D7-42BC-852F-9E2CC2A3B272}.Release|Any CPU.Build.0 = Release|Any CPU
		{9ADE9766-59D7-42BC-852F-9E2CC2A3B272}.Release|x64.ActiveCfg = Release|Any CPU
		{9ADE9766-59D7-42BC-852F-9E2CC2A3B272}.Release|x86.ActiveCfg = Release|Any CPU
	EndGlobalSection
	GlobalSection(SolutionProperties) = preSolution
		HideSolutionNode = FALSE
	EndGlobalSection
	GlobalSection(ExtensibilityGlobals) = postSolution
		SolutionGuid = {F8A40D74-E8CF-4A73-96A9-9E1DCCAA977C}
	EndGlobalSection
EndGlobal
